<?xml version="1.0" encoding="UTF-8" standalone="yes" ?>
<CodeBlocks_project_file>
	<FileVersion major="1" minor="6" />
	<Project>
		<Option title="Farming Game" />
		<Option pch_mode="2" />
		<Option compiler="gcc" />
		<Build>
			<Target title="Debug">
				<Option output="..\FarmingGame_Debug" prefix_auto="1" extension_auto="1" />
				<Option working_dir="..\" />
				<Option object_output="..\obj\Debug\" />
				<Option type="1" />
				<Option compiler="gcc" />
				<Compiler>
					<Add option="-g" />
					<Add option="-DDEBUG" />
				</Compiler>
				<Linker>
					<Add option="-lsfml-audio-d" />
					<Add option="-lsfml-graphics-d" />
					<Add option="-lsfml-window-d" />
					<Add option="-lsfml-system-d" />
					<Add option="-lsc0-xml-d" />
				</Linker>
			</Target>
			<Target title="Release">
				<Option output="..\FarmingGame" prefix_auto="1" extension_auto="1" />
				<Option working_dir="..\" />
				<Option object_output="..\obj\Release\" />
				<Option type="0" />
				<Option compiler="gcc" />
				<Compiler>
					<Add option="-O2" />
					<Add option="-DRELEASE" />
				</Compiler>
				<Linker>
					<Add option="-s" />
					<Add option="-lsfml-audio" />
					<Add option="-lsfml-graphics" />
					<Add option="-lsfml-window" />
					<Add option="-lsfml-system" />
					<Add option="-lsc0-xml" />
				</Linker>
			</Target>
		</Build>
		<Compiler>
			<Add option="-Wall" />
			<Add option="-std=gnu++0x" />
			<Add option='-include &quot;Global.h&quot;' />
		</Compiler>
		<Unit filename="Game.cpp" />
		<Unit filename="Game.h" />
		<Unit filename="Global.h" />
		<Unit filename="Tile.cpp" />
		<Unit filename="Tile.h" />
		<Unit filename="TileLayer.cpp" />
		<Unit filename="TileLayer.h" />
		<Unit filename="gui\Base.h" />
		<Unit filename="gui\Button.cpp" />
		<Unit filename="gui\Button.h" />
		<Unit filename="gui\Gui.h" />
		<Unit filename="gui\TextButton.cpp" />
		<Unit filename="gui\TextButton.h" />
		<Unit filename="item\Food.cpp" />
		<Unit filename="item\Food.h" />
		<Unit filename="item\Item.cpp" />
		<Unit filename="item\Item.h" />
		<Unit filename="item\Items.h" />
		<Unit filename="item\Seed.cpp" />
		<Unit filename="item\Seed.h" />
		<Unit filename="item\Tool.cpp" />
		<Unit filename="item\Tool.h" />
		<Unit filename="main.cpp" />
		<Unit filename="obj\Base.h" />
		<Unit filename="obj\CameraController.cpp" />
		<Unit filename="obj\CameraController.h" />
		<Unit filename="obj\DialogBase.cpp" />
		<Unit filename="obj\DialogBase.h" />
		<Unit filename="obj\DialogChat.cpp" />
		<Unit filename="obj\DialogChat.h" />
		<Unit filename="obj\Npc.cpp" />
		<Unit filename="obj\Npc.h" />
		<Unit filename="obj\Objects.h" />
		<Unit filename="obj\Player.cpp" />
		<Unit filename="obj\Player.h" />
		<Unit filename="obj\RenderObject.cpp" />
		<Unit filename="obj\RenderObject.h" />
		<Unit filename="scenes\SceneBase.h" />
		<Unit filename="scenes\SceneGame.cpp" />
		<Unit filename="scenes\SceneGame.h" />
		<Unit filename="scenes\SceneGuiBase.cpp" />
		<Unit filename="scenes\SceneGuiBase.h" />
		<Unit filename="scenes\SceneMainMenu.cpp" />
		<Unit filename="scenes\SceneMainMenu.h" />
		<Unit filename="scenes\Scenes.h" />
		<Unit filename="util\Convert.h" />
		<Unit filename="util\Grid.h" />
		<Extensions>
			<code_completion />
			<envvars />
			<debugger />
			<lib_finder disable_auto="1" />
		</Extensions>
	</Project>
</CodeBlocks_project_file>
