<?xml version="1.0" encoding="UTF-8" standalone="yes" ?>
<CodeBlocks_project_file>
	<FileVersion major="1" minor="6" />
	<Project>
		<Option title="FarmingGame" />
		<Option pch_mode="2" />
		<Option compiler="gcc" />
		<Build>
			<Target title="Debug">
				<Option output="..\FarmingGame_Debug" prefix_auto="1" extension_auto="1" />
				<Option working_dir="..\" />
				<Option object_output="..\obj\Debug\" />
				<Option type="1" />
				<Option compiler="gcc" />
				<Compiler>
					<Add option="-g" />
					<Add option="-DSFML_STATIC" />
				</Compiler>
				<Linker>
					<Add option="-lsfml-audio-d" />
					<Add option="-lsfml-graphics-d" />
					<Add option="-lsfml-window-d" />
					<Add option="-lsfml-system-d" />
				</Linker>
			</Target>
			<Target title="Release">
				<Option output="..\FarmingGame" prefix_auto="1" extension_auto="1" />
				<Option working_dir="..\" />
				<Option object_output="..\obj\Release\" />
				<Option type="0" />
				<Option compiler="gcc" />
				<Compiler>
					<Add option="-O2" />
					<Add option="-DSFML_STATIC" />
				</Compiler>
				<Linker>
					<Add option="-s" />
					<Add option="-lsfml-audio" />
					<Add option="-lsfml-graphics" />
					<Add option="-lsfml-window" />
					<Add option="-lsfml-system" />
				</Linker>
			</Target>
		</Build>
		<Compiler>
			<Add option="-Wall" />
		</Compiler>
		<Unit filename="Game.cpp" />
		<Unit filename="Game.h" />
		<Unit filename="ResourceManager.cpp" />
		<Unit filename="ResourceManager.h" />
		<Unit filename="Scene.cpp" />
		<Unit filename="Scene.h" />
		<Unit filename="SceneChangeEvent.cpp" />
		<Unit filename="SceneChangeEvent.h" />
		<Unit filename="Tileset.h" />
		<Unit filename="game\GameInterface.cpp" />
		<Unit filename="game\GameInterface.h" />
		<Unit filename="game\Gender.h" />
		<Unit filename="game\LayerData.cpp" />
		<Unit filename="game\LayerData.h" />
		<Unit filename="game\MapData.cpp" />
		<Unit filename="game\MapData.h" />
		<Unit filename="game\NewFileData.cpp" />
		<Unit filename="game\NewFileData.h" />
		<Unit filename="game\Season.h" />
		<Unit filename="game\World.cpp" />
		<Unit filename="game\World.h" />
		<Unit filename="main.cpp" />
		<Unit filename="scenes\GameScene.cpp" />
		<Unit filename="scenes\GameScene.h" />
		<Extensions>
			<code_completion />
			<envvars />
			<debugger />
			<lib_finder disable_auto="1" />
		</Extensions>
	</Project>
</CodeBlocks_project_file>
